
Microsoft Visual Studio Solution File, Format Version 12.00
# Visual Studio Version 16
VisualStudioVersion = 16.0.29728.190
MinimumVisualStudioVersion = 10.0.40219.1
Project("{2150E333-8FDC-42A3-9474-1A3956D46DE8}") = "src", "src", "{88100380-1E6E-42E5-A976-067F3CD83F1E}"
EndProject
Project("{2150E333-8FDC-42A3-9474-1A3956D46DE8}") = "test", "test", "{27E590ED-8ED6-44F3-98AF-852236AB95CE}"
EndProject
Project("{FAE04EC0-301F-11D3-BF4B-00C04F79EFBC}") = "Crossxox.Android", "src\Crossxox\Crossxox.Android\Crossxox.Android.csproj", "{F0767289-4F2C-4D09-836D-E68C28E76AAB}"
EndProject
Project("{FAE04EC0-301F-11D3-BF4B-00C04F79EFBC}") = "Crossxox.iOS", "src\Crossxox\Crossxox.iOS\Crossxox.iOS.csproj", "{8AB80424-9412-400B-A89D-2122327036D1}"
EndProject
Project("{FAE04EC0-301F-11D3-BF4B-00C04F79EFBC}") = "Crossxox", "src\Crossxox\Crossxox\Crossxox.csproj", "{9D389637-93E5-4A11-AF34-F7D40D97079B}"
EndProject
Global
	GlobalSection(SolutionConfigurationPlatforms) = preSolution
		Debug|Any CPU = Debug|Any CPU
		Debug|iPhone = Debug|iPhone
		Debug|iPhoneSimulator = Debug|iPhoneSimulator
		Release|Any CPU = Release|Any CPU
		Release|iPhone = Release|iPhone
		Release|iPhoneSimulator = Release|iPhoneSimulator
	EndGlobalSection
	GlobalSection(ProjectConfigurationPlatforms) = postSolution
		{F0767289-4F2C-4D09-836D-E68C28E76AAB}.Debug|Any CPU.ActiveCfg = Debug|Any CPU
		{F0767289-4F2C-4D09-836D-E68C28E76AAB}.Debug|Any CPU.Build.0 = Debug|Any CPU
		{F0767289-4F2C-4D09-836D-E68C28E76AAB}.Debug|Any CPU.Deploy.0 = Debug|Any CPU
		{F0767289-4F2C-4D09-836D-E68C28E76AAB}.Debug|iPhone.ActiveCfg = Debug|Any CPU
		{F0767289-4F2C-4D09-836D-E68C28E76AAB}.Debug|iPhone.Build.0 = Debug|Any CPU
		{F0767289-4F2C-4D09-836D-E68C28E76AAB}.Debug|iPhone.Deploy.0 = Debug|Any CPU
		{F0767289-4F2C-4D09-836D-E68C28E76AAB}.Debug|iPhoneSimulator.ActiveCfg = Debug|Any CPU
		{F0767289-4F2C-4D09-836D-E68C28E76AAB}.Debug|iPhoneSimulator.Build.0 = Debug|Any CPU
		{F0767289-4F2C-4D09-836D-E68C28E76AAB}.Debug|iPhoneSimulator.Deploy.0 = Debug|Any CPU
		{F0767289-4F2C-4D09-836D-E68C28E76AAB}.Release|Any CPU.ActiveCfg = Release|Any CPU
		{F0767289-4F2C-4D09-836D-E68C28E76AAB}.Release|Any CPU.Build.0 = Release|Any CPU
		{F0767289-4F2C-4D09-836D-E68C28E76AAB}.Release|Any CPU.Deploy.0 = Release|Any CPU
		{F0767289-4F2C-4D09-836D-E68C28E76AAB}.Release|iPhone.ActiveCfg = Release|Any CPU
		{F0767289-4F2C-4D09-836D-E68C28E76AAB}.Release|iPhone.Build.0 = Release|Any CPU
		{F0767289-4F2C-4D09-836D-E68C28E76AAB}.Release|iPhone.Deploy.0 = Release|Any CPU
		{F0767289-4F2C-4D09-836D-E68C28E76AAB}.Release|iPhoneSimulator.ActiveCfg = Release|Any CPU
		{F0767289-4F2C-4D09-836D-E68C28E76AAB}.Release|iPhoneSimulator.Build.0 = Release|Any CPU
		{F0767289-4F2C-4D09-836D-E68C28E76AAB}.Release|iPhoneSimulator.Deploy.0 = Release|Any CPU
		{8AB80424-9412-400B-A89D-2122327036D1}.Debug|Any CPU.ActiveCfg = Debug|iPhone
		{8AB80424-9412-400B-A89D-2122327036D1}.Debug|iPhone.ActiveCfg = Debug|iPhone
		{8AB80424-9412-400B-A89D-2122327036D1}.Debug|iPhone.Build.0 = Debug|iPhone
		{8AB80424-9412-400B-A89D-2122327036D1}.Debug|iPhoneSimulator.ActiveCfg = Debug|iPhoneSimulator
		{8AB80424-9412-400B-A89D-2122327036D1}.Debug|iPhoneSimulator.Build.0 = Debug|iPhoneSimulator
		{8AB80424-9412-400B-A89D-2122327036D1}.Release|Any CPU.ActiveCfg = Release|iPhone
		{8AB80424-9412-400B-A89D-2122327036D1}.Release|iPhone.ActiveCfg = Release|iPhone
		{8AB80424-9412-400B-A89D-2122327036D1}.Release|iPhone.Build.0 = Release|iPhone
		{8AB80424-9412-400B-A89D-2122327036D1}.Release|iPhoneSimulator.ActiveCfg = Release|iPhoneSimulator
		{8AB80424-9412-400B-A89D-2122327036D1}.Release|iPhoneSimulator.Build.0 = Release|iPhoneSimulator
		{9D389637-93E5-4A11-AF34-F7D40D97079B}.Debug|Any CPU.ActiveCfg = Debug|Any CPU
		{9D389637-93E5-4A11-AF34-F7D40D97079B}.Debug|Any CPU.Build.0 = Debug|Any CPU
		{9D389637-93E5-4A11-AF34-F7D40D97079B}.Debug|iPhone.ActiveCfg = Debug|Any CPU
		{9D389637-93E5-4A11-AF34-F7D40D97079B}.Debug|iPhone.Build.0 = Debug|Any CPU
		{9D389637-93E5-4A11-AF34-F7D40D97079B}.Debug|iPhoneSimulator.ActiveCfg = Debug|Any CPU
		{9D389637-93E5-4A11-AF34-F7D40D97079B}.Debug|iPhoneSimulator.Build.0 = Debug|Any CPU
		{9D389637-93E5-4A11-AF34-F7D40D97079B}.Release|Any CPU.ActiveCfg = Release|Any CPU
		{9D389637-93E5-4A11-AF34-F7D40D97079B}.Release|Any CPU.Build.0 = Release|Any CPU
		{9D389637-93E5-4A11-AF34-F7D40D97079B}.Release|iPhone.ActiveCfg = Release|Any CPU
		{9D389637-93E5-4A11-AF34-F7D40D97079B}.Release|iPhone.Build.0 = Release|Any CPU
		{9D389637-93E5-4A11-AF34-F7D40D97079B}.Release|iPhoneSimulator.ActiveCfg = Release|Any CPU
		{9D389637-93E5-4A11-AF34-F7D40D97079B}.Release|iPhoneSimulator.Build.0 = Release|Any CPU
	EndGlobalSection
	GlobalSection(SolutionProperties) = preSolution
		HideSolutionNode = FALSE
	EndGlobalSection
	GlobalSection(NestedProjects) = preSolution
		{F0767289-4F2C-4D09-836D-E68C28E76AAB} = {88100380-1E6E-42E5-A976-067F3CD83F1E}
		{8AB80424-9412-400B-A89D-2122327036D1} = {88100380-1E6E-42E5-A976-067F3CD83F1E}
		{9D389637-93E5-4A11-AF34-F7D40D97079B} = {88100380-1E6E-42E5-A976-067F3CD83F1E}
	EndGlobalSection
	GlobalSection(ExtensibilityGlobals) = postSolution
		SolutionGuid = {82C7529F-67C4-4C68-850A-20384613E812}
	EndGlobalSection
EndGlobal
